
Microsoft Visual Studio Solution File, Format Version 12.00
# Visual Studio Version 17
VisualStudioVersion = 17.14.36408.4
MinimumVisualStudioVersion = 10.0.40219.1
Project("{FAE04EC0-301F-11D3-BF4B-00C04F79EFBC}") = "IntrodactionToDOTNET", "IntrodactionToDOTNET\IntrodactionToDOTNET.csproj", "{0D1B1346-9BB8-4B4F-BD4E-E955132C4B4D}"
EndProject
Project("{FAE04EC0-301F-11D3-BF4B-00C04F79EFBC}") = "Game", "Game\Game.csproj", "{62EE23B5-0A5D-48F9-98DE-9F3448A9E642}"
EndProject
Project("{FAE04EC0-301F-11D3-BF4B-00C04F79EFBC}") = "Calc", "Calc\Calc.csproj", "{B31C5AAD-5A77-4D5C-8387-58D07E54AC39}"
EndProject
Global
	GlobalSection(SolutionConfigurationPlatforms) = preSolution
		Debug|Any CPU = Debug|Any CPU
		Release|Any CPU = Release|Any CPU
	EndGlobalSection
	GlobalSection(ProjectConfigurationPlatforms) = postSolution
		{0D1B1346-9BB8-4B4F-BD4E-E955132C4B4D}.Debug|Any CPU.ActiveCfg = Debug|Any CPU
		{0D1B1346-9BB8-4B4F-BD4E-E955132C4B4D}.Debug|Any CPU.Build.0 = Debug|Any CPU
		{0D1B1346-9BB8-4B4F-BD4E-E955132C4B4D}.Release|Any CPU.ActiveCfg = Release|Any CPU
		{0D1B1346-9BB8-4B4F-BD4E-E955132C4B4D}.Release|Any CPU.Build.0 = Release|Any CPU
		{62EE23B5-0A5D-48F9-98DE-9F3448A9E642}.Debug|Any CPU.ActiveCfg = Debug|Any CPU
		{62EE23B5-0A5D-48F9-98DE-9F3448A9E642}.Debug|Any CPU.Build.0 = Debug|Any CPU
		{62EE23B5-0A5D-48F9-98DE-9F3448A9E642}.Release|Any CPU.ActiveCfg = Release|Any CPU
		{62EE23B5-0A5D-48F9-98DE-9F3448A9E642}.Release|Any CPU.Build.0 = Release|Any CPU
		{B31C5AAD-5A77-4D5C-8387-58D07E54AC39}.Debug|Any CPU.ActiveCfg = Debug|Any CPU
		{B31C5AAD-5A77-4D5C-8387-58D07E54AC39}.Debug|Any CPU.Build.0 = Debug|Any CPU
		{B31C5AAD-5A77-4D5C-8387-58D07E54AC39}.Release|Any CPU.ActiveCfg = Release|Any CPU
		{B31C5AAD-5A77-4D5C-8387-58D07E54AC39}.Release|Any CPU.Build.0 = Release|Any CPU
	EndGlobalSection
	GlobalSection(SolutionProperties) = preSolution
		HideSolutionNode = FALSE
	EndGlobalSection
	GlobalSection(ExtensibilityGlobals) = postSolution
		SolutionGuid = {8DE8258D-6622-4009-BC84-D929F2CBA045}
	EndGlobalSection
EndGlobal
